
Microsoft Visual Studio Solution File, Format Version 12.00
# Visual Studio Version 17
VisualStudioVersion = 17.5.33424.131
MinimumVisualStudioVersion = 10.0.40219.1
Project("{FAE04EC0-301F-11D3-BF4B-00C04F79EFBC}") = "SignalRChatServerExample", "SignalRChatServerExample\SignalRChatServerExample.csproj", "{FE9687D4-4369-4FF4-968A-ECE0DD7E845D}"
EndProject
Global
	GlobalSection(SolutionConfigurationPlatforms) = preSolution
		Debug|Any CPU = Debug|Any CPU
		Release|Any CPU = Release|Any CPU
	EndGlobalSection
	GlobalSection(ProjectConfigurationPlatforms) = postSolution
		{FE9687D4-4369-4FF4-968A-ECE0DD7E845D}.Debug|Any CPU.ActiveCfg = Debug|Any CPU
		{FE9687D4-4369-4FF4-968A-ECE0DD7E845D}.Debug|Any CPU.Build.0 = Debug|Any CPU
		{FE9687D4-4369-4FF4-968A-ECE0DD7E845D}.Release|Any CPU.ActiveCfg = Release|Any CPU
		{FE9687D4-4369-4FF4-968A-ECE0DD7E845D}.Release|Any CPU.Build.0 = Release|Any CPU
	EndGlobalSection
	GlobalSection(SolutionProperties) = preSolution
		HideSolutionNode = FALSE
	EndGlobalSection
	GlobalSection(ExtensibilityGlobals) = postSolution
		SolutionGuid = {54B74ACF-6958-45CC-A481-5DFC9FBCFE37}
	EndGlobalSection
EndGlobal
